
Microsoft Visual Studio Solution File, Format Version 12.00
# Visual Studio Version 17
VisualStudioVersion = 17.1.32210.238
MinimumVisualStudioVersion = 10.0.40219.1
Project("{FAE04EC0-301F-11D3-BF4B-00C04F79EFBC}") = "MostrarTerca", "MostrarTerca\MostrarTerca.csproj", "{58820B49-8747-47B6-8B0E-C74845526667}"
EndProject
Global
	GlobalSection(SolutionConfigurationPlatforms) = preSolution
		Debug|Any CPU = Debug|Any CPU
		Release|Any CPU = Release|Any CPU
	EndGlobalSection
	GlobalSection(ProjectConfigurationPlatforms) = postSolution
		{58820B49-8747-47B6-8B0E-C74845526667}.Debug|Any CPU.ActiveCfg = Debug|Any CPU
		{58820B49-8747-47B6-8B0E-C74845526667}.Debug|Any CPU.Build.0 = Debug|Any CPU
		{58820B49-8747-47B6-8B0E-C74845526667}.Release|Any CPU.ActiveCfg = Release|Any CPU
		{58820B49-8747-47B6-8B0E-C74845526667}.Release|Any CPU.Build.0 = Release|Any CPU
	EndGlobalSection
	GlobalSection(SolutionProperties) = preSolution
		HideSolutionNode = FALSE
	EndGlobalSection
	GlobalSection(ExtensibilityGlobals) = postSolution
		SolutionGuid = {A20DF1B8-A01E-4CC5-AD1A-3026C33072DF}
	EndGlobalSection
EndGlobal
